GEM
  remote: https://rubygems.org/
  specs:
    rugged (1.9.0)
    webrick (1.9.2)

PLATFORMS
  arm64-darwin-25
  ruby

DEPENDENCIES
  rugged
  webrick

CHECKSUMS
  rugged (1.9.0) sha256=7faaa912c5888d6e348d20fa31209b6409f1574346b1b80e309dbc7e8d63efac
  webrick (1.9.2) sha256=beb4a15fc474defed24a3bda4ffd88a490d517c9e4e6118c3edce59e45864131

BUNDLED WITH
  4.0.3
