GEM
  remote: https://rubygems.org/
  specs:
    base64 (0.3.0)
    jwt (3.2.0)
      base64
    rugged (1.9.0)
    webrick (1.9.2)

PLATFORMS
  arm64-darwin-25
  ruby

DEPENDENCIES
  jwt
  rugged
  webrick

CHECKSUMS
  base64 (0.3.0) sha256=27337aeabad6ffae05c265c450490628ef3ebd4b67be58257393227588f5a97b
  jwt (3.2.0) sha256=5419b1fe37b1da0982bd07051f573a8b8789ab724c2aa7e785e4784a3ed217d7
  rugged (1.9.0) sha256=7faaa912c5888d6e348d20fa31209b6409f1574346b1b80e309dbc7e8d63efac
  webrick (1.9.2) sha256=beb4a15fc474defed24a3bda4ffd88a490d517c9e4e6118c3edce59e45864131

BUNDLED WITH
  4.0.3
