{
  "name": "dotfiles",
  "version": "0.0.0",
  "lockfileVersion": 2,
  "requires": true,
  "packages": {
    "": {
      "name": "dotfiles",
      "version": "0.0.0",
      "devDependencies": {
        "@jxck/markdown": "^0.5.0",
        "dotenv": "^16.4.7",
        "npm-check-updates": "^17.1.11",
        "pnpm": "^9.15.0"
      }
    },
    "node_modules/@jxck/markdown": {
      "version": "0.5.0",
      "resolved": "https://registry.npmjs.org/@jxck/markdown/-/markdown-0.5.0.tgz",
      "integrity": "sha512-HGoIT1HvsUQ3syVOQaYT4MoLhJvfieTXGo61FJE4RnlgEl3aOl9r5DE3AkFjYWnlK0ALMrAWXCwPTC6Z4Op/Yw==",
      "dev": true,
      "bin": {
        "markdown": "formatter.js"
      }
    },
    "node_modules/dotenv": {
      "version": "16.4.7",
      "resolved": "https://registry.npmjs.org/dotenv/-/dotenv-16.4.7.tgz",
      "integrity": "sha512-47qPchRCykZC03FhkYAhrvwU4xDBFIj1QPqaarj6mdM/hgUzfPHcpkHJOn3mJAufFeeAxAzeGsr5X0M4k6fLZQ==",
      "dev": true,
      "license": "BSD-2-Clause",
      "engines": {
        "node": ">=12"
      },
      "funding": {
        "url": "https://dotenvx.com"
      }
    },
    "node_modules/npm-check-updates": {
      "version": "17.1.11",
      "resolved": "https://registry.npmjs.org/npm-check-updates/-/npm-check-updates-17.1.11.tgz",
      "integrity": "sha512-TR2RuGIH7P3Qrb0jfdC/nT7JWqXPKjDlxuNQt3kx4oNVf1Pn5SBRB7KLypgYZhruivJthgTtfkkyK4mz342VjA==",
      "dev": true,
      "license": "Apache-2.0",
      "bin": {
        "ncu": "build/cli.js",
        "npm-check-updates": "build/cli.js"
      },
      "engines": {
        "node": "^18.18.0 || >=20.0.0",
        "npm": ">=8.12.1"
      }
    },
    "node_modules/pnpm": {
      "version": "9.15.0",
      "resolved": "https://registry.npmjs.org/pnpm/-/pnpm-9.15.0.tgz",
      "integrity": "sha512-duI3l2CkMo7EQVgVvNZije5yevN3mqpMkU45RBVsQpmSGon5djge4QfUHxLPpLZmgcqccY8GaPoIMe1MbYulbA==",
      "dev": true,
      "license": "MIT",
      "bin": {
        "pnpm": "bin/pnpm.cjs",
        "pnpx": "bin/pnpx.cjs"
      },
      "engines": {
        "node": ">=18.12"
      },
      "funding": {
        "url": "https://opencollective.com/pnpm"
      }
    }
  },
  "dependencies": {
    "@jxck/markdown": {
      "version": "0.5.0",
      "resolved": "https://registry.npmjs.org/@jxck/markdown/-/markdown-0.5.0.tgz",
      "integrity": "sha512-HGoIT1HvsUQ3syVOQaYT4MoLhJvfieTXGo61FJE4RnlgEl3aOl9r5DE3AkFjYWnlK0ALMrAWXCwPTC6Z4Op/Yw==",
      "dev": true
    },
    "dotenv": {
      "version": "16.4.7",
      "resolved": "https://registry.npmjs.org/dotenv/-/dotenv-16.4.7.tgz",
      "integrity": "sha512-47qPchRCykZC03FhkYAhrvwU4xDBFIj1QPqaarj6mdM/hgUzfPHcpkHJOn3mJAufFeeAxAzeGsr5X0M4k6fLZQ==",
      "dev": true
    },
    "npm-check-updates": {
      "version": "17.1.11",
      "resolved": "https://registry.npmjs.org/npm-check-updates/-/npm-check-updates-17.1.11.tgz",
      "integrity": "sha512-TR2RuGIH7P3Qrb0jfdC/nT7JWqXPKjDlxuNQt3kx4oNVf1Pn5SBRB7KLypgYZhruivJthgTtfkkyK4mz342VjA==",
      "dev": true
    },
    "pnpm": {
      "version": "9.15.0",
      "resolved": "https://registry.npmjs.org/pnpm/-/pnpm-9.15.0.tgz",
      "integrity": "sha512-duI3l2CkMo7EQVgVvNZije5yevN3mqpMkU45RBVsQpmSGon5djge4QfUHxLPpLZmgcqccY8GaPoIMe1MbYulbA==",
      "dev": true
    }
  }
}
