{
  "name": "dotfiles",
  "version": "0.0.0",
  "lockfileVersion": 2,
  "requires": true,
  "packages": {
    "": {
      "name": "dotfiles",
      "version": "0.0.0",
      "devDependencies": {
        "@jxck/markdown": "^0.4.0",
        "dotenv": "^16.4.5",
        "npm-check-updates": "^17.0.6",
        "pnpm": "^9.7.1"
      }
    },
    "node_modules/@jxck/markdown": {
      "version": "0.4.0",
      "resolved": "https://registry.npmjs.org/@jxck/markdown/-/markdown-0.4.0.tgz",
      "integrity": "sha512-wdTg2b40acg2HdbpxKYjXmvkh1v/SzmWXrggcQW7innAsBBtSfSb6co4XiRrVKQxi09+porzXhWcPXo/IK64Cg==",
      "dev": true,
      "bin": {
        "markdown": "formatter.js"
      }
    },
    "node_modules/dotenv": {
      "version": "16.4.5",
      "resolved": "https://registry.npmjs.org/dotenv/-/dotenv-16.4.5.tgz",
      "integrity": "sha512-ZmdL2rui+eB2YwhsWzjInR8LldtZHGDoQ1ugH85ppHKwpUHL7j7rN0Ti9NCnGiQbhaZ11FpR+7ao1dNsmduNUg==",
      "dev": true,
      "license": "BSD-2-Clause",
      "engines": {
        "node": ">=12"
      },
      "funding": {
        "url": "https://dotenvx.com"
      }
    },
    "node_modules/npm-check-updates": {
      "version": "17.0.6",
      "resolved": "https://registry.npmjs.org/npm-check-updates/-/npm-check-updates-17.0.6.tgz",
      "integrity": "sha512-KCiaJH1cfnh/RyzKiDNjNfXgcKFyQs550Uf1OF/Yzb8xO56w+RLpP/OKRUx23/GyP/mLYwEpOO65qjmVdh6j0A==",
      "dev": true,
      "license": "Apache-2.0",
      "bin": {
        "ncu": "build/cli.js",
        "npm-check-updates": "build/cli.js"
      },
      "engines": {
        "node": "^18.18.0 || >=20.0.0",
        "npm": ">=8.12.1"
      }
    },
    "node_modules/pnpm": {
      "version": "9.7.1",
      "resolved": "https://registry.npmjs.org/pnpm/-/pnpm-9.7.1.tgz",
      "integrity": "sha512-+vNEry1splxMXIwiJOp3qBpeiFnLxOBrFRHdzi8BUVEkMd0Z5q/zHyxqj18qztm9InPh/tfdTeGGiYQFnSxCRw==",
      "dev": true,
      "license": "MIT",
      "bin": {
        "pnpm": "bin/pnpm.cjs",
        "pnpx": "bin/pnpx.cjs"
      },
      "engines": {
        "node": ">=18.12"
      },
      "funding": {
        "url": "https://opencollective.com/pnpm"
      }
    }
  },
  "dependencies": {
    "@jxck/markdown": {
      "version": "0.4.0",
      "resolved": "https://registry.npmjs.org/@jxck/markdown/-/markdown-0.4.0.tgz",
      "integrity": "sha512-wdTg2b40acg2HdbpxKYjXmvkh1v/SzmWXrggcQW7innAsBBtSfSb6co4XiRrVKQxi09+porzXhWcPXo/IK64Cg==",
      "dev": true
    },
    "dotenv": {
      "version": "16.4.5",
      "resolved": "https://registry.npmjs.org/dotenv/-/dotenv-16.4.5.tgz",
      "integrity": "sha512-ZmdL2rui+eB2YwhsWzjInR8LldtZHGDoQ1ugH85ppHKwpUHL7j7rN0Ti9NCnGiQbhaZ11FpR+7ao1dNsmduNUg==",
      "dev": true
    },
    "npm-check-updates": {
      "version": "17.0.6",
      "resolved": "https://registry.npmjs.org/npm-check-updates/-/npm-check-updates-17.0.6.tgz",
      "integrity": "sha512-KCiaJH1cfnh/RyzKiDNjNfXgcKFyQs550Uf1OF/Yzb8xO56w+RLpP/OKRUx23/GyP/mLYwEpOO65qjmVdh6j0A==",
      "dev": true
    },
    "pnpm": {
      "version": "9.7.1",
      "resolved": "https://registry.npmjs.org/pnpm/-/pnpm-9.7.1.tgz",
      "integrity": "sha512-+vNEry1splxMXIwiJOp3qBpeiFnLxOBrFRHdzi8BUVEkMd0Z5q/zHyxqj18qztm9InPh/tfdTeGGiYQFnSxCRw==",
      "dev": true
    }
  }
}
